
Microsoft Visual Studio Solution File, Format Version 12.00
# Visual Studio 15
VisualStudioVersion = 15.0.26730.3
MinimumVisualStudioVersion = 10.0.40219.1
Project("{FAE04EC0-301F-11D3-BF4B-00C04F79EFBC}") = "Lab1", "ShifrLab1\Lab1.csproj", "{6783B62A-02AC-4D7C-8BD2-CE29FA100852}"
EndProject
Project("{FAE04EC0-301F-11D3-BF4B-00C04F79EFBC}") = "Lab4", "Lab4\Lab4.csproj", "{C2AF637F-5BB7-475B-B69A-12D789987444}"
EndProject
Project("{FAE04EC0-301F-11D3-BF4B-00C04F79EFBC}") = "Lab5", "Lab5\Lab5.csproj", "{7FDD2B10-C35E-4399-8FFC-6F7146DBAD8C}"
EndProject
Project("{FAE04EC0-301F-11D3-BF4B-00C04F79EFBC}") = "Lab3Mod2", "Lab3Mod2\Lab3Mod2.csproj", "{A0D82F59-2231-4456-BA43-94F4C739E683}"
EndProject
Project("{FAE04EC0-301F-11D3-BF4B-00C04F79EFBC}") = "Lab3ModN", "Lab3ModN\Lab3ModN.csproj", "{5B727DC1-F170-4C3C-B94E-F0851D7BCE30}"
EndProject
Global
	GlobalSection(SolutionConfigurationPlatforms) = preSolution
		Debug|Any CPU = Debug|Any CPU
		Release|Any CPU = Release|Any CPU
	EndGlobalSection
	GlobalSection(ProjectConfigurationPlatforms) = postSolution
		{6783B62A-02AC-4D7C-8BD2-CE29FA100852}.Debug|Any CPU.ActiveCfg = Debug|Any CPU
		{6783B62A-02AC-4D7C-8BD2-CE29FA100852}.Debug|Any CPU.Build.0 = Debug|Any CPU
		{6783B62A-02AC-4D7C-8BD2-CE29FA100852}.Release|Any CPU.ActiveCfg = Release|Any CPU
		{6783B62A-02AC-4D7C-8BD2-CE29FA100852}.Release|Any CPU.Build.0 = Release|Any CPU
		{C2AF637F-5BB7-475B-B69A-12D789987444}.Debug|Any CPU.ActiveCfg = Debug|Any CPU
		{C2AF637F-5BB7-475B-B69A-12D789987444}.Debug|Any CPU.Build.0 = Debug|Any CPU
		{C2AF637F-5BB7-475B-B69A-12D789987444}.Release|Any CPU.ActiveCfg = Release|Any CPU
		{C2AF637F-5BB7-475B-B69A-12D789987444}.Release|Any CPU.Build.0 = Release|Any CPU
		{7FDD2B10-C35E-4399-8FFC-6F7146DBAD8C}.Debug|Any CPU.ActiveCfg = Debug|Any CPU
		{7FDD2B10-C35E-4399-8FFC-6F7146DBAD8C}.Debug|Any CPU.Build.0 = Debug|Any CPU
		{7FDD2B10-C35E-4399-8FFC-6F7146DBAD8C}.Release|Any CPU.ActiveCfg = Release|Any CPU
		{7FDD2B10-C35E-4399-8FFC-6F7146DBAD8C}.Release|Any CPU.Build.0 = Release|Any CPU
		{A0D82F59-2231-4456-BA43-94F4C739E683}.Debug|Any CPU.ActiveCfg = Debug|Any CPU
		{A0D82F59-2231-4456-BA43-94F4C739E683}.Debug|Any CPU.Build.0 = Debug|Any CPU
		{A0D82F59-2231-4456-BA43-94F4C739E683}.Release|Any CPU.ActiveCfg = Release|Any CPU
		{A0D82F59-2231-4456-BA43-94F4C739E683}.Release|Any CPU.Build.0 = Release|Any CPU
		{5B727DC1-F170-4C3C-B94E-F0851D7BCE30}.Debug|Any CPU.ActiveCfg = Debug|Any CPU
		{5B727DC1-F170-4C3C-B94E-F0851D7BCE30}.Debug|Any CPU.Build.0 = Debug|Any CPU
		{5B727DC1-F170-4C3C-B94E-F0851D7BCE30}.Release|Any CPU.ActiveCfg = Release|Any CPU
		{5B727DC1-F170-4C3C-B94E-F0851D7BCE30}.Release|Any CPU.Build.0 = Release|Any CPU
	EndGlobalSection
	GlobalSection(SolutionProperties) = preSolution
		HideSolutionNode = FALSE
	EndGlobalSection
	GlobalSection(ExtensibilityGlobals) = postSolution
		SolutionGuid = {12AC4566-5CDE-4E97-92AC-69407ADAC641}
	EndGlobalSection
EndGlobal
