
Microsoft Visual Studio Solution File, Format Version 12.00
# Visual Studio 15
VisualStudioVersion = 15.0.26730.3
MinimumVisualStudioVersion = 10.0.40219.1
Project("{FAE04EC0-301F-11D3-BF4B-00C04F79EFBC}") = "Lab1", "ShifrLab1\Lab1.csproj", "{6783B62A-02AC-4D7C-8BD2-CE29FA100852}"
EndProject
Project("{FAE04EC0-301F-11D3-BF4B-00C04F79EFBC}") = "Lab4", "Lab4\Lab4.csproj", "{C2AF637F-5BB7-475B-B69A-12D789987444}"
EndProject
Global
	GlobalSection(SolutionConfigurationPlatforms) = preSolution
		Debug|Any CPU = Debug|Any CPU
		Release|Any CPU = Release|Any CPU
	EndGlobalSection
	GlobalSection(ProjectConfigurationPlatforms) = postSolution
		{6783B62A-02AC-4D7C-8BD2-CE29FA100852}.Debug|Any CPU.ActiveCfg = Debug|Any CPU
		{6783B62A-02AC-4D7C-8BD2-CE29FA100852}.Debug|Any CPU.Build.0 = Debug|Any CPU
		{6783B62A-02AC-4D7C-8BD2-CE29FA100852}.Release|Any CPU.ActiveCfg = Release|Any CPU
		{6783B62A-02AC-4D7C-8BD2-CE29FA100852}.Release|Any CPU.Build.0 = Release|Any CPU
		{C2AF637F-5BB7-475B-B69A-12D789987444}.Debug|Any CPU.ActiveCfg = Debug|Any CPU
		{C2AF637F-5BB7-475B-B69A-12D789987444}.Debug|Any CPU.Build.0 = Debug|Any CPU
		{C2AF637F-5BB7-475B-B69A-12D789987444}.Release|Any CPU.ActiveCfg = Release|Any CPU
		{C2AF637F-5BB7-475B-B69A-12D789987444}.Release|Any CPU.Build.0 = Release|Any CPU
	EndGlobalSection
	GlobalSection(SolutionProperties) = preSolution
		HideSolutionNode = FALSE
	EndGlobalSection
	GlobalSection(ExtensibilityGlobals) = postSolution
		SolutionGuid = {12AC4566-5CDE-4E97-92AC-69407ADAC641}
	EndGlobalSection
EndGlobal
